# This file is generated by running "yarn install" inside your project.
# Manual changes might be lost - proceed with caution!

__metadata:
  version: 6
  cacheKey: 8

"cmc-ccd-domain@workspace:.":
  version: 0.0.0-use.local
  resolution: "cmc-ccd-domain@workspace:."
  dependencies:
    husky: ^9.0.11
    minimist: ^1.2.8
  languageName: unknown
  linkType: soft

"husky@npm:^9.0.11":
  version: 9.0.11
  resolution: "husky@npm:9.0.11"
  bin:
    husky: bin.mjs
  checksum: 1aebc3334dc7ac6288ff5e1fb72cfb447cfa474e72cf7ba692e8c5698c573ab725c28c6a5088c9f8e6aca5f47d40fa7261beffbc07a4d307ca21656dc4571f07
  languageName: node
  linkType: hard

"minimist@npm:^1.2.8":
  version: 1.2.8
  resolution: "minimist@npm:1.2.8"
  checksum: 75a6d645fb122dad29c06a7597bddea977258957ed88d7a6df59b5cd3fe4a527e253e9bbf2e783e4b73657f9098b96a5fe96ab8a113655d4109108577ecf85b0
  languageName: node
  linkType: hard
